
Microsoft Visual Studio Solution File, Format Version 12.00
# Visual Studio Version 16
VisualStudioVersion = 16.0.30804.86
MinimumVisualStudioVersion = 10.0.40219.1
Project("{FAE04EC0-301F-11D3-BF4B-00C04F79EFBC}") = "ServiceRest_125_Ridwan", "ServiceRest_125_Ridwan\ServiceRest_125_Ridwan.csproj", "{727042F9-C905-405C-AD9D-6D6821B3777E}"
EndProject
Global
	GlobalSection(SolutionConfigurationPlatforms) = preSolution
		Debug|Any CPU = Debug|Any CPU
		Release|Any CPU = Release|Any CPU
	EndGlobalSection
	GlobalSection(ProjectConfigurationPlatforms) = postSolution
		{727042F9-C905-405C-AD9D-6D6821B3777E}.Debug|Any CPU.ActiveCfg = Debug|Any CPU
		{727042F9-C905-405C-AD9D-6D6821B3777E}.Debug|Any CPU.Build.0 = Debug|Any CPU
		{727042F9-C905-405C-AD9D-6D6821B3777E}.Release|Any CPU.ActiveCfg = Release|Any CPU
		{727042F9-C905-405C-AD9D-6D6821B3777E}.Release|Any CPU.Build.0 = Release|Any CPU
	EndGlobalSection
	GlobalSection(SolutionProperties) = preSolution
		HideSolutionNode = FALSE
	EndGlobalSection
	GlobalSection(ExtensibilityGlobals) = postSolution
		SolutionGuid = {E1D8488B-ED34-450D-A9CF-77B7B87C0A8B}
	EndGlobalSection
EndGlobal
